
Microsoft Visual Studio Solution File, Format Version 12.00
# Visual Studio 15
VisualStudioVersion = 15.0.26730.3
MinimumVisualStudioVersion = 10.0.40219.1
Project("{FAE04EC0-301F-11D3-BF4B-00C04F79EFBC}") = "MatchedBetTracker.Android", "MatchedBetTracker\MatchedBetTracker.Android\MatchedBetTracker.Android.csproj", "{86A7F48E-A9CD-491C-8534-B3EA7AE1B677}"
EndProject
Project("{FAE04EC0-301F-11D3-BF4B-00C04F79EFBC}") = "MatchedBetTracker", "MatchedBetTracker\MatchedBetTracker\MatchedBetTracker.csproj", "{498EBE3B-C3B7-4C62-98AA-F52259B02FD8}"
EndProject
Project("{FAE04EC0-301F-11D3-BF4B-00C04F79EFBC}") = "MatchedBetTracker.iOS", "MatchedBetTracker\MatchedBetTracker.iOS\MatchedBetTracker.iOS.csproj", "{6978381E-3CA5-4430-A385-F27881AC462F}"
EndProject
Project("{FAE04EC0-301F-11D3-BF4B-00C04F79EFBC}") = "MatchedBetTracker.Model", "MatchedBetTracker.Model\MatchedBetTracker.Model.csproj", "{F4FB112F-597B-485B-8071-B80ABC8BFCDA}"
EndProject
Project("{FAE04EC0-301F-11D3-BF4B-00C04F79EFBC}") = "MatchedBetTracker.Data", "MatchedBetTracker.Data\MatchedBetTracker.Data.csproj", "{4FF4502C-92F4-46DC-8888-6D283AC6475D}"
EndProject
Project("{FAE04EC0-301F-11D3-BF4B-00C04F79EFBC}") = "MatchedBetTracker.BusinessLayer", "MatchedBetTracker.BusinessLayer\MatchedBetTracker.BusinessLayer.csproj", "{A7598B75-69A7-4570-A136-ADD5FA84A92D}"
EndProject
Global
	GlobalSection(SolutionConfigurationPlatforms) = preSolution
		Ad-Hoc|Any CPU = Ad-Hoc|Any CPU
		Ad-Hoc|iPhone = Ad-Hoc|iPhone
		Ad-Hoc|iPhoneSimulator = Ad-Hoc|iPhoneSimulator
		AppStore|Any CPU = AppStore|Any CPU
		AppStore|iPhone = AppStore|iPhone
		AppStore|iPhoneSimulator = AppStore|iPhoneSimulator
		Debug|Any CPU = Debug|Any CPU
		Debug|iPhone = Debug|iPhone
		Debug|iPhoneSimulator = Debug|iPhoneSimulator
		Release|Any CPU = Release|Any CPU
		Release|iPhone = Release|iPhone
		Release|iPhoneSimulator = Release|iPhoneSimulator
	EndGlobalSection
	GlobalSection(ProjectConfigurationPlatforms) = postSolution
		{86A7F48E-A9CD-491C-8534-B3EA7AE1B677}.Ad-Hoc|Any CPU.ActiveCfg = Release|Any CPU
		{86A7F48E-A9CD-491C-8534-B3EA7AE1B677}.Ad-Hoc|Any CPU.Build.0 = Release|Any CPU
		{86A7F48E-A9CD-491C-8534-B3EA7AE1B677}.Ad-Hoc|Any CPU.Deploy.0 = Release|Any CPU
		{86A7F48E-A9CD-491C-8534-B3EA7AE1B677}.Ad-Hoc|iPhone.ActiveCfg = Release|Any CPU
		{86A7F48E-A9CD-491C-8534-B3EA7AE1B677}.Ad-Hoc|iPhone.Build.0 = Release|Any CPU
		{86A7F48E-A9CD-491C-8534-B3EA7AE1B677}.Ad-Hoc|iPhone.Deploy.0 = Release|Any CPU
		{86A7F48E-A9CD-491C-8534-B3EA7AE1B677}.Ad-Hoc|iPhoneSimulator.ActiveCfg = Release|Any CPU
		{86A7F48E-A9CD-491C-8534-B3EA7AE1B677}.Ad-Hoc|iPhoneSimulator.Build.0 = Release|Any CPU
		{86A7F48E-A9CD-491C-8534-B3EA7AE1B677}.Ad-Hoc|iPhoneSimulator.Deploy.0 = Release|Any CPU
		{86A7F48E-A9CD-491C-8534-B3EA7AE1B677}.AppStore|Any CPU.ActiveCfg = Release|Any CPU
		{86A7F48E-A9CD-491C-8534-B3EA7AE1B677}.AppStore|Any CPU.Build.0 = Release|Any CPU
		{86A7F48E-A9CD-491C-8534-B3EA7AE1B677}.AppStore|Any CPU.Deploy.0 = Release|Any CPU
		{86A7F48E-A9CD-491C-8534-B3EA7AE1B677}.AppStore|iPhone.ActiveCfg = Release|Any CPU
		{86A7F48E-A9CD-491C-8534-B3EA7AE1B677}.AppStore|iPhone.Build.0 = Release|Any CPU
		{86A7F48E-A9CD-491C-8534-B3EA7AE1B677}.AppStore|iPhone.Deploy.0 = Release|Any CPU
		{86A7F48E-A9CD-491C-8534-B3EA7AE1B677}.AppStore|iPhoneSimulator.ActiveCfg = Release|Any CPU
		{86A7F48E-A9CD-491C-8534-B3EA7AE1B677}.AppStore|iPhoneSimulator.Build.0 = Release|Any CPU
		{86A7F48E-A9CD-491C-8534-B3EA7AE1B677}.AppStore|iPhoneSimulator.Deploy.0 = Release|Any CPU
		{86A7F48E-A9CD-491C-8534-B3EA7AE1B677}.Debug|Any CPU.ActiveCfg = Debug|Any CPU
		{86A7F48E-A9CD-491C-8534-B3EA7AE1B677}.Debug|Any CPU.Build.0 = Debug|Any CPU
		{86A7F48E-A9CD-491C-8534-B3EA7AE1B677}.Debug|Any CPU.Deploy.0 = Debug|Any CPU
		{86A7F48E-A9CD-491C-8534-B3EA7AE1B677}.Debug|iPhone.ActiveCfg = Debug|Any CPU
		{86A7F48E-A9CD-491C-8534-B3EA7AE1B677}.Debug|iPhone.Build.0 = Debug|Any CPU
		{86A7F48E-A9CD-491C-8534-B3EA7AE1B677}.Debug|iPhone.Deploy.0 = Debug|Any CPU
		{86A7F48E-A9CD-491C-8534-B3EA7AE1B677}.Debug|iPhoneSimulator.ActiveCfg = Debug|Any CPU
		{86A7F48E-A9CD-491C-8534-B3EA7AE1B677}.Debug|iPhoneSimulator.Build.0 = Debug|Any CPU
		{86A7F48E-A9CD-491C-8534-B3EA7AE1B677}.Debug|iPhoneSimulator.Deploy.0 = Debug|Any CPU
		{86A7F48E-A9CD-491C-8534-B3EA7AE1B677}.Release|Any CPU.ActiveCfg = Release|Any CPU
		{86A7F48E-A9CD-491C-8534-B3EA7AE1B677}.Release|Any CPU.Build.0 = Release|Any CPU
		{86A7F48E-A9CD-491C-8534-B3EA7AE1B677}.Release|Any CPU.Deploy.0 = Release|Any CPU
		{86A7F48E-A9CD-491C-8534-B3EA7AE1B677}.Release|iPhone.ActiveCfg = Release|Any CPU
		{86A7F48E-A9CD-491C-8534-B3EA7AE1B677}.Release|iPhone.Build.0 = Release|Any CPU
		{86A7F48E-A9CD-491C-8534-B3EA7AE1B677}.Release|iPhone.Deploy.0 = Release|Any CPU
		{86A7F48E-A9CD-491C-8534-B3EA7AE1B677}.Release|iPhoneSimulator.ActiveCfg = Release|Any CPU
		{86A7F48E-A9CD-491C-8534-B3EA7AE1B677}.Release|iPhoneSimulator.Build.0 = Release|Any CPU
		{86A7F48E-A9CD-491C-8534-B3EA7AE1B677}.Release|iPhoneSimulator.Deploy.0 = Release|Any CPU
		{498EBE3B-C3B7-4C62-98AA-F52259B02FD8}.Ad-Hoc|Any CPU.ActiveCfg = Release|Any CPU
		{498EBE3B-C3B7-4C62-98AA-F52259B02FD8}.Ad-Hoc|Any CPU.Build.0 = Release|Any CPU
		{498EBE3B-C3B7-4C62-98AA-F52259B02FD8}.Ad-Hoc|iPhone.ActiveCfg = Release|Any CPU
		{498EBE3B-C3B7-4C62-98AA-F52259B02FD8}.Ad-Hoc|iPhone.Build.0 = Release|Any CPU
		{498EBE3B-C3B7-4C62-98AA-F52259B02FD8}.Ad-Hoc|iPhoneSimulator.ActiveCfg = Release|Any CPU
		{498EBE3B-C3B7-4C62-98AA-F52259B02FD8}.Ad-Hoc|iPhoneSimulator.Build.0 = Release|Any CPU
		{498EBE3B-C3B7-4C62-98AA-F52259B02FD8}.AppStore|Any CPU.ActiveCfg = Release|Any CPU
		{498EBE3B-C3B7-4C62-98AA-F52259B02FD8}.AppStore|Any CPU.Build.0 = Release|Any CPU
		{498EBE3B-C3B7-4C62-98AA-F52259B02FD8}.AppStore|iPhone.ActiveCfg = Release|Any CPU
		{498EBE3B-C3B7-4C62-98AA-F52259B02FD8}.AppStore|iPhone.Build.0 = Release|Any CPU
		{498EBE3B-C3B7-4C62-98AA-F52259B02FD8}.AppStore|iPhoneSimulator.ActiveCfg = Release|Any CPU
		{498EBE3B-C3B7-4C62-98AA-F52259B02FD8}.AppStore|iPhoneSimulator.Build.0 = Release|Any CPU
		{498EBE3B-C3B7-4C62-98AA-F52259B02FD8}.Debug|Any CPU.ActiveCfg = Debug|Any CPU
		{498EBE3B-C3B7-4C62-98AA-F52259B02FD8}.Debug|Any CPU.Build.0 = Debug|Any CPU
		{498EBE3B-C3B7-4C62-98AA-F52259B02FD8}.Debug|iPhone.ActiveCfg = Debug|Any CPU
		{498EBE3B-C3B7-4C62-98AA-F52259B02FD8}.Debug|iPhone.Build.0 = Debug|Any CPU
		{498EBE3B-C3B7-4C62-98AA-F52259B02FD8}.Debug|iPhoneSimulator.ActiveCfg = Debug|Any CPU
		{498EBE3B-C3B7-4C62-98AA-F52259B02FD8}.Debug|iPhoneSimulator.Build.0 = Debug|Any CPU
		{498EBE3B-C3B7-4C62-98AA-F52259B02FD8}.Release|Any CPU.ActiveCfg = Release|Any CPU
		{498EBE3B-C3B7-4C62-98AA-F52259B02FD8}.Release|Any CPU.Build.0 = Release|Any CPU
		{498EBE3B-C3B7-4C62-98AA-F52259B02FD8}.Release|iPhone.ActiveCfg = Release|Any CPU
		{498EBE3B-C3B7-4C62-98AA-F52259B02FD8}.Release|iPhone.Build.0 = Release|Any CPU
		{498EBE3B-C3B7-4C62-98AA-F52259B02FD8}.Release|iPhoneSimulator.ActiveCfg = Release|Any CPU
		{498EBE3B-C3B7-4C62-98AA-F52259B02FD8}.Release|iPhoneSimulator.Build.0 = Release|Any CPU
		{6978381E-3CA5-4430-A385-F27881AC462F}.Ad-Hoc|Any CPU.ActiveCfg = Ad-Hoc|iPhone
		{6978381E-3CA5-4430-A385-F27881AC462F}.Ad-Hoc|iPhone.ActiveCfg = Ad-Hoc|iPhone
		{6978381E-3CA5-4430-A385-F27881AC462F}.Ad-Hoc|iPhone.Build.0 = Ad-Hoc|iPhone
		{6978381E-3CA5-4430-A385-F27881AC462F}.Ad-Hoc|iPhoneSimulator.ActiveCfg = Ad-Hoc|iPhoneSimulator
		{6978381E-3CA5-4430-A385-F27881AC462F}.Ad-Hoc|iPhoneSimulator.Build.0 = Ad-Hoc|iPhoneSimulator
		{6978381E-3CA5-4430-A385-F27881AC462F}.AppStore|Any CPU.ActiveCfg = AppStore|iPhone
		{6978381E-3CA5-4430-A385-F27881AC462F}.AppStore|iPhone.ActiveCfg = AppStore|iPhone
		{6978381E-3CA5-4430-A385-F27881AC462F}.AppStore|iPhone.Build.0 = AppStore|iPhone
		{6978381E-3CA5-4430-A385-F27881AC462F}.AppStore|iPhoneSimulator.ActiveCfg = AppStore|iPhoneSimulator
		{6978381E-3CA5-4430-A385-F27881AC462F}.AppStore|iPhoneSimulator.Build.0 = AppStore|iPhoneSimulator
		{6978381E-3CA5-4430-A385-F27881AC462F}.Debug|Any CPU.ActiveCfg = Debug|iPhone
		{6978381E-3CA5-4430-A385-F27881AC462F}.Debug|iPhone.ActiveCfg = Debug|iPhone
		{6978381E-3CA5-4430-A385-F27881AC462F}.Debug|iPhone.Build.0 = Debug|iPhone
		{6978381E-3CA5-4430-A385-F27881AC462F}.Debug|iPhoneSimulator.ActiveCfg = Debug|iPhoneSimulator
		{6978381E-3CA5-4430-A385-F27881AC462F}.Debug|iPhoneSimulator.Build.0 = Debug|iPhoneSimulator
		{6978381E-3CA5-4430-A385-F27881AC462F}.Release|Any CPU.ActiveCfg = Release|iPhone
		{6978381E-3CA5-4430-A385-F27881AC462F}.Release|iPhone.ActiveCfg = Release|iPhone
		{6978381E-3CA5-4430-A385-F27881AC462F}.Release|iPhone.Build.0 = Release|iPhone
		{6978381E-3CA5-4430-A385-F27881AC462F}.Release|iPhoneSimulator.ActiveCfg = Release|iPhoneSimulator
		{6978381E-3CA5-4430-A385-F27881AC462F}.Release|iPhoneSimulator.Build.0 = Release|iPhoneSimulator
		{F4FB112F-597B-485B-8071-B80ABC8BFCDA}.Ad-Hoc|Any CPU.ActiveCfg = Release|Any CPU
		{F4FB112F-597B-485B-8071-B80ABC8BFCDA}.Ad-Hoc|Any CPU.Build.0 = Release|Any CPU
		{F4FB112F-597B-485B-8071-B80ABC8BFCDA}.Ad-Hoc|iPhone.ActiveCfg = Release|Any CPU
		{F4FB112F-597B-485B-8071-B80ABC8BFCDA}.Ad-Hoc|iPhone.Build.0 = Release|Any CPU
		{F4FB112F-597B-485B-8071-B80ABC8BFCDA}.Ad-Hoc|iPhoneSimulator.ActiveCfg = Release|Any CPU
		{F4FB112F-597B-485B-8071-B80ABC8BFCDA}.Ad-Hoc|iPhoneSimulator.Build.0 = Release|Any CPU
		{F4FB112F-597B-485B-8071-B80ABC8BFCDA}.AppStore|Any CPU.ActiveCfg = Release|Any CPU
		{F4FB112F-597B-485B-8071-B80ABC8BFCDA}.AppStore|Any CPU.Build.0 = Release|Any CPU
		{F4FB112F-597B-485B-8071-B80ABC8BFCDA}.AppStore|iPhone.ActiveCfg = Release|Any CPU
		{F4FB112F-597B-485B-8071-B80ABC8BFCDA}.AppStore|iPhone.Build.0 = Release|Any CPU
		{F4FB112F-597B-485B-8071-B80ABC8BFCDA}.AppStore|iPhoneSimulator.ActiveCfg = Release|Any CPU
		{F4FB112F-597B-485B-8071-B80ABC8BFCDA}.AppStore|iPhoneSimulator.Build.0 = Release|Any CPU
		{F4FB112F-597B-485B-8071-B80ABC8BFCDA}.Debug|Any CPU.ActiveCfg = Debug|Any CPU
		{F4FB112F-597B-485B-8071-B80ABC8BFCDA}.Debug|Any CPU.Build.0 = Debug|Any CPU
		{F4FB112F-597B-485B-8071-B80ABC8BFCDA}.Debug|iPhone.ActiveCfg = Debug|Any CPU
		{F4FB112F-597B-485B-8071-B80ABC8BFCDA}.Debug|iPhone.Build.0 = Debug|Any CPU
		{F4FB112F-597B-485B-8071-B80ABC8BFCDA}.Debug|iPhoneSimulator.ActiveCfg = Debug|Any CPU
		{F4FB112F-597B-485B-8071-B80ABC8BFCDA}.Debug|iPhoneSimulator.Build.0 = Debug|Any CPU
		{F4FB112F-597B-485B-8071-B80ABC8BFCDA}.Release|Any CPU.ActiveCfg = Release|Any CPU
		{F4FB112F-597B-485B-8071-B80ABC8BFCDA}.Release|Any CPU.Build.0 = Release|Any CPU
		{F4FB112F-597B-485B-8071-B80ABC8BFCDA}.Release|iPhone.ActiveCfg = Release|Any CPU
		{F4FB112F-597B-485B-8071-B80ABC8BFCDA}.Release|iPhone.Build.0 = Release|Any CPU
		{F4FB112F-597B-485B-8071-B80ABC8BFCDA}.Release|iPhoneSimulator.ActiveCfg = Release|Any CPU
		{F4FB112F-597B-485B-8071-B80ABC8BFCDA}.Release|iPhoneSimulator.Build.0 = Release|Any CPU
		{4FF4502C-92F4-46DC-8888-6D283AC6475D}.Ad-Hoc|Any CPU.ActiveCfg = Release|Any CPU
		{4FF4502C-92F4-46DC-8888-6D283AC6475D}.Ad-Hoc|Any CPU.Build.0 = Release|Any CPU
		{4FF4502C-92F4-46DC-8888-6D283AC6475D}.Ad-Hoc|iPhone.ActiveCfg = Release|Any CPU
		{4FF4502C-92F4-46DC-8888-6D283AC6475D}.Ad-Hoc|iPhone.Build.0 = Release|Any CPU
		{4FF4502C-92F4-46DC-8888-6D283AC6475D}.Ad-Hoc|iPhoneSimulator.ActiveCfg = Release|Any CPU
		{4FF4502C-92F4-46DC-8888-6D283AC6475D}.Ad-Hoc|iPhoneSimulator.Build.0 = Release|Any CPU
		{4FF4502C-92F4-46DC-8888-6D283AC6475D}.AppStore|Any CPU.ActiveCfg = Release|Any CPU
		{4FF4502C-92F4-46DC-8888-6D283AC6475D}.AppStore|Any CPU.Build.0 = Release|Any CPU
		{4FF4502C-92F4-46DC-8888-6D283AC6475D}.AppStore|iPhone.ActiveCfg = Release|Any CPU
		{4FF4502C-92F4-46DC-8888-6D283AC6475D}.AppStore|iPhone.Build.0 = Release|Any CPU
		{4FF4502C-92F4-46DC-8888-6D283AC6475D}.AppStore|iPhoneSimulator.ActiveCfg = Release|Any CPU
		{4FF4502C-92F4-46DC-8888-6D283AC6475D}.AppStore|iPhoneSimulator.Build.0 = Release|Any CPU
		{4FF4502C-92F4-46DC-8888-6D283AC6475D}.Debug|Any CPU.ActiveCfg = Debug|Any CPU
		{4FF4502C-92F4-46DC-8888-6D283AC6475D}.Debug|Any CPU.Build.0 = Debug|Any CPU
		{4FF4502C-92F4-46DC-8888-6D283AC6475D}.Debug|iPhone.ActiveCfg = Debug|Any CPU
		{4FF4502C-92F4-46DC-8888-6D283AC6475D}.Debug|iPhone.Build.0 = Debug|Any CPU
		{4FF4502C-92F4-46DC-8888-6D283AC6475D}.Debug|iPhoneSimulator.ActiveCfg = Debug|Any CPU
		{4FF4502C-92F4-46DC-8888-6D283AC6475D}.Debug|iPhoneSimulator.Build.0 = Debug|Any CPU
		{4FF4502C-92F4-46DC-8888-6D283AC6475D}.Release|Any CPU.ActiveCfg = Release|Any CPU
		{4FF4502C-92F4-46DC-8888-6D283AC6475D}.Release|Any CPU.Build.0 = Release|Any CPU
		{4FF4502C-92F4-46DC-8888-6D283AC6475D}.Release|iPhone.ActiveCfg = Release|Any CPU
		{4FF4502C-92F4-46DC-8888-6D283AC6475D}.Release|iPhone.Build.0 = Release|Any CPU
		{4FF4502C-92F4-46DC-8888-6D283AC6475D}.Release|iPhoneSimulator.ActiveCfg = Release|Any CPU
		{4FF4502C-92F4-46DC-8888-6D283AC6475D}.Release|iPhoneSimulator.Build.0 = Release|Any CPU
		{A7598B75-69A7-4570-A136-ADD5FA84A92D}.Ad-Hoc|Any CPU.ActiveCfg = Release|Any CPU
		{A7598B75-69A7-4570-A136-ADD5FA84A92D}.Ad-Hoc|Any CPU.Build.0 = Release|Any CPU
		{A7598B75-69A7-4570-A136-ADD5FA84A92D}.Ad-Hoc|iPhone.ActiveCfg = Release|Any CPU
		{A7598B75-69A7-4570-A136-ADD5FA84A92D}.Ad-Hoc|iPhone.Build.0 = Release|Any CPU
		{A7598B75-69A7-4570-A136-ADD5FA84A92D}.Ad-Hoc|iPhoneSimulator.ActiveCfg = Release|Any CPU
		{A7598B75-69A7-4570-A136-ADD5FA84A92D}.Ad-Hoc|iPhoneSimulator.Build.0 = Release|Any CPU
		{A7598B75-69A7-4570-A136-ADD5FA84A92D}.AppStore|Any CPU.ActiveCfg = Release|Any CPU
		{A7598B75-69A7-4570-A136-ADD5FA84A92D}.AppStore|Any CPU.Build.0 = Release|Any CPU
		{A7598B75-69A7-4570-A136-ADD5FA84A92D}.AppStore|iPhone.ActiveCfg = Release|Any CPU
		{A7598B75-69A7-4570-A136-ADD5FA84A92D}.AppStore|iPhone.Build.0 = Release|Any CPU
		{A7598B75-69A7-4570-A136-ADD5FA84A92D}.AppStore|iPhoneSimulator.ActiveCfg = Release|Any CPU
		{A7598B75-69A7-4570-A136-ADD5FA84A92D}.AppStore|iPhoneSimulator.Build.0 = Release|Any CPU
		{A7598B75-69A7-4570-A136-ADD5FA84A92D}.Debug|Any CPU.ActiveCfg = Debug|Any CPU
		{A7598B75-69A7-4570-A136-ADD5FA84A92D}.Debug|Any CPU.Build.0 = Debug|Any CPU
		{A7598B75-69A7-4570-A136-ADD5FA84A92D}.Debug|iPhone.ActiveCfg = Debug|Any CPU
		{A7598B75-69A7-4570-A136-ADD5FA84A92D}.Debug|iPhone.Build.0 = Debug|Any CPU
		{A7598B75-69A7-4570-A136-ADD5FA84A92D}.Debug|iPhoneSimulator.ActiveCfg = Debug|Any CPU
		{A7598B75-69A7-4570-A136-ADD5FA84A92D}.Debug|iPhoneSimulator.Build.0 = Debug|Any CPU
		{A7598B75-69A7-4570-A136-ADD5FA84A92D}.Release|Any CPU.ActiveCfg = Release|Any CPU
		{A7598B75-69A7-4570-A136-ADD5FA84A92D}.Release|Any CPU.Build.0 = Release|Any CPU
		{A7598B75-69A7-4570-A136-ADD5FA84A92D}.Release|iPhone.ActiveCfg = Release|Any CPU
		{A7598B75-69A7-4570-A136-ADD5FA84A92D}.Release|iPhone.Build.0 = Release|Any CPU
		{A7598B75-69A7-4570-A136-ADD5FA84A92D}.Release|iPhoneSimulator.ActiveCfg = Release|Any CPU
		{A7598B75-69A7-4570-A136-ADD5FA84A92D}.Release|iPhoneSimulator.Build.0 = Release|Any CPU
	EndGlobalSection
	GlobalSection(SolutionProperties) = preSolution
		HideSolutionNode = FALSE
	EndGlobalSection
	GlobalSection(ExtensibilityGlobals) = postSolution
		SolutionGuid = {C82830CF-63AB-4F49-BF2A-B4B47B7E57C2}
	EndGlobalSection
EndGlobal
